
Microsoft Visual Studio Solution File, Format Version 12.00
# Visual Studio Version 17
VisualStudioVersion = 17.13.35913.81 d17.13
MinimumVisualStudioVersion = 10.0.40219.1
Project("{FAE04EC0-301F-11D3-BF4B-00C04F79EFBC}") = "VirtualizationButton", "VirtualizationButton\VirtualizationButton.csproj", "{AD3F1776-072C-49DA-88A9-699472C7876E}"
EndProject
Global
	GlobalSection(SolutionConfigurationPlatforms) = preSolution
		Debug|Any CPU = Debug|Any CPU
		Release|Any CPU = Release|Any CPU
	EndGlobalSection
	GlobalSection(ProjectConfigurationPlatforms) = postSolution
		{AD3F1776-072C-49DA-88A9-699472C7876E}.Debug|Any CPU.ActiveCfg = Debug|Any CPU
		{AD3F1776-072C-49DA-88A9-699472C7876E}.Debug|Any CPU.Build.0 = Debug|Any CPU
		{AD3F1776-072C-49DA-88A9-699472C7876E}.Release|Any CPU.ActiveCfg = Release|Any CPU
		{AD3F1776-072C-49DA-88A9-699472C7876E}.Release|Any CPU.Build.0 = Release|Any CPU
	EndGlobalSection
	GlobalSection(SolutionProperties) = preSolution
		HideSolutionNode = FALSE
	EndGlobalSection
	GlobalSection(ExtensibilityGlobals) = postSolution
		SolutionGuid = {F31FC9A1-B65F-4404-B9AC-5F0F9A167C53}
	EndGlobalSection
EndGlobal
